
Microsoft Visual Studio Solution File, Format Version 12.00
# Visual Studio Version 16
VisualStudioVersion = 16.0.29926.136
MinimumVisualStudioVersion = 10.0.40219.1
Project("{FAE04EC0-301F-11D3-BF4B-00C04F79EFBC}") = "Imobiliaria", "Imobiliaria.csproj", "{9FDA5F1A-9D4B-435B-9C72-C9C5E96EA2C2}"
EndProject
Global
	GlobalSection(SolutionConfigurationPlatforms) = preSolution
		Debug|Any CPU = Debug|Any CPU
		Release|Any CPU = Release|Any CPU
	EndGlobalSection
	GlobalSection(ProjectConfigurationPlatforms) = postSolution
		{9FDA5F1A-9D4B-435B-9C72-C9C5E96EA2C2}.Debug|Any CPU.ActiveCfg = Debug|Any CPU
		{9FDA5F1A-9D4B-435B-9C72-C9C5E96EA2C2}.Debug|Any CPU.Build.0 = Debug|Any CPU
		{9FDA5F1A-9D4B-435B-9C72-C9C5E96EA2C2}.Release|Any CPU.ActiveCfg = Release|Any CPU
		{9FDA5F1A-9D4B-435B-9C72-C9C5E96EA2C2}.Release|Any CPU.Build.0 = Release|Any CPU
	EndGlobalSection
	GlobalSection(SolutionProperties) = preSolution
		HideSolutionNode = FALSE
	EndGlobalSection
	GlobalSection(ExtensibilityGlobals) = postSolution
		SolutionGuid = {D168C485-2FC9-40BB-88CF-155C3FF96833}
	EndGlobalSection
EndGlobal
